
Microsoft Visual Studio Solution File, Format Version 12.00
# Visual Studio Version 16
VisualStudioVersion = 16.0.31402.337
MinimumVisualStudioVersion = 10.0.40219.1
Project("{9A19103F-16F7-4668-BE54-9A1E7A4F7556}") = "AssignmentServer.BlazorApp", "AssignmentServer.BlazorApp\AssignmentServer.BlazorApp.csproj", "{B5673DF0-89F8-4D3D-BA9F-6A024CB1B969}"
EndProject
Global
	GlobalSection(SolutionConfigurationPlatforms) = preSolution
		Debug|Any CPU = Debug|Any CPU
		Release|Any CPU = Release|Any CPU
	EndGlobalSection
	GlobalSection(ProjectConfigurationPlatforms) = postSolution
		{B5673DF0-89F8-4D3D-BA9F-6A024CB1B969}.Debug|Any CPU.ActiveCfg = Debug|Any CPU
		{B5673DF0-89F8-4D3D-BA9F-6A024CB1B969}.Debug|Any CPU.Build.0 = Debug|Any CPU
		{B5673DF0-89F8-4D3D-BA9F-6A024CB1B969}.Release|Any CPU.ActiveCfg = Release|Any CPU
		{B5673DF0-89F8-4D3D-BA9F-6A024CB1B969}.Release|Any CPU.Build.0 = Release|Any CPU
	EndGlobalSection
	GlobalSection(SolutionProperties) = preSolution
		HideSolutionNode = FALSE
	EndGlobalSection
	GlobalSection(ExtensibilityGlobals) = postSolution
		SolutionGuid = {382C11BF-ED57-4B3F-955C-DC6909A1B9AC}
	EndGlobalSection
EndGlobal
